// !$*UTF8*$!
{
	archiveVersion = 1;
	classes = {
	};
	objectVersion = 50;
	objects = {

/* Begin PBXBuildFile section */
		D4F5236694353CF45080F92C /* Pods_Test.framework in Frameworks */ = {isa = PBXBuildFile; fileRef = A8F94548B191CE8F339EF389 /* Pods_Test.framework */; };
		DFC75DB22559522000729FF1 /* AppDelegate.swift in Sources */ = {isa = PBXBuildFile; fileRef = DFC75DB12559522000729FF1 /* AppDelegate.swift */; };
		DFC75DB42559522000729FF1 /* SceneDelegate.swift in Sources */ = {isa = PBXBuildFile; fileRef = DFC75DB32559522000729FF1 /* SceneDelegate.swift */; };
		DFC75DB62559522000729FF1 /* ViewController.swift in Sources */ = {isa = PBXBuildFile; fileRef = DFC75DB52559522000729FF1 /* ViewController.swift */; };
		DFC75DB92559522000729FF1 /* Main.storyboard in Resources */ = {isa = PBXBuildFile; fileRef = DFC75DB72559522000729FF1 /* Main.storyboard */; };
		DFC75DBB2559522100729FF1 /* Assets.xcassets in Resources */ = {isa = PBXBuildFile; fileRef = DFC75DBA2559522100729FF1 /* Assets.xcassets */; };
		DFC75DBE2559522100729FF1 /* LaunchScreen.storyboard in Resources */ = {isa = PBXBuildFile; fileRef = DFC75DBC2559522100729FF1 /* LaunchScreen.storyboard */; };
		DFC75DC92559522100729FF1 /* TestTests.swift in Sources */ = {isa = PBXBuildFile; fileRef = DFC75DC82559522100729FF1 /* TestTests.swift */; };
		DFC75DD42559522100729FF1 /* TestUITests.swift in Sources */ = {isa = PBXBuildFile; fileRef = DFC75DD32559522100729FF1 /* TestUITests.swift */; };
/* End PBXBuildFile section */

/* Begin PBXContainerItemProxy section */
		DFC75DC52559522100729FF1 /* PBXContainerItemProxy */ = {
			isa = PBXContainerItemProxy;
			containerPortal = DFC75DA62559522000729FF1 /* Project object */;
			proxyType = 1;
			remoteGlobalIDString = DFC75DAD2559522000729FF1;
			remoteInfo = Test;
		};
		DFC75DD02559522100729FF1 /* PBXContainerItemProxy */ = {
			isa = PBXContainerItemProxy;
			containerPortal = DFC75DA62559522000729FF1 /* Project object */;
			proxyType = 1;
			remoteGlobalIDString = DFC75DAD2559522000729FF1;
			remoteInfo = Test;
		};
/* End PBXContainerItemProxy section */

/* Begin PBXFileReference section */
		A8F94548B191CE8F339EF389 /* Pods_Test.framework */ = {isa = PBXFileReference; explicitFileType = wrapper.framework; includeInIndex = 0; path = Pods_Test.framework; sourceTree = BUILT_PRODUCTS_DIR; };
		D765E577391BEBC08F0422B0 /* Pods-Test.release.xcconfig */ = {isa = PBXFileReference; includeInIndex = 1; lastKnownFileType = text.xcconfig; name = "Pods-Test.release.xcconfig"; path = "Target Support Files/Pods-Test/Pods-Test.release.xcconfig"; sourceTree = "<group>"; };
		DD44DBB29BA89A081FF4D201 /* Pods-Test.debug.xcconfig */ = {isa = PBXFileReference; includeInIndex = 1; lastKnownFileType = text.xcconfig; name = "Pods-Test.debug.xcconfig"; path = "Target Support Files/Pods-Test/Pods-Test.debug.xcconfig"; sourceTree = "<group>"; };
		DFC75DAE2559522000729FF1 /* Test.app */ = {isa = PBXFileReference; explicitFileType = wrapper.application; includeInIndex = 0; path = Test.app; sourceTree = BUILT_PRODUCTS_DIR; };
		DFC75DB12559522000729FF1 /* AppDelegate.swift */ = {isa = PBXFileReference; lastKnownFileType = sourcecode.swift; path = AppDelegate.swift; sourceTree = "<group>"; };
		DFC75DB32559522000729FF1 /* SceneDelegate.swift */ = {isa = PBXFileReference; lastKnownFileType = sourcecode.swift; path = SceneDelegate.swift; sourceTree = "<group>"; };
		DFC75DB52559522000729FF1 /* ViewController.swift */ = {isa = PBXFileReference; lastKnownFileType = sourcecode.swift; path = ViewController.swift; sourceTree = "<group>"; };
		DFC75DB82559522000729FF1 /* Base */ = {isa = PBXFileReference; lastKnownFileType = file.storyboard; name = Base; path = Base.lproj/Main.storyboard; sourceTree = "<group>"; };
		DFC75DBA2559522100729FF1 /* Assets.xcassets */ = {isa = PBXFileReference; lastKnownFileType = folder.assetcatalog; path = Assets.xcassets; sourceTree = "<group>"; };
		DFC75DBD2559522100729FF1 /* Base */ = {isa = PBXFileReference; lastKnownFileType = file.storyboard; name = Base; path = Base.lproj/LaunchScreen.storyboard; sourceTree = "<group>"; };
		DFC75DBF2559522100729FF1 /* Info.plist */ = {isa = PBXFileReference; lastKnownFileType = text.plist.xml; path = Info.plist; sourceTree = "<group>"; };
		DFC75DC42559522100729FF1 /* TestTests.xctest */ = {isa = PBXFileReference; explicitFileType = wrapper.cfbundle; includeInIndex = 0; path = TestTests.xctest; sourceTree = BUILT_PRODUCTS_DIR; };
		DFC75DC82559522100729FF1 /* TestTests.swift */ = {isa = PBXFileReference; lastKnownFileType = sourcecode.swift; path = TestTests.swift; sourceTree = "<group>"; };
		DFC75DCA2559522100729FF1 /* Info.plist */ = {isa = PBXFileReference; lastKnownFileType = text.plist.xml; path = Info.plist; sourceTree = "<group>"; };
		DFC75DCF2559522100729FF1 /* TestUITests.xctest */ = {isa = PBXFileReference; explicitFileType = wrapper.cfbundle; includeInIndex = 0; path = TestUITests.xctest; sourceTree = BUILT_PRODUCTS_DIR; };
		DFC75DD32559522100729FF1 /* TestUITests.swift */ = {isa = PBXFileReference; lastKnownFileType = sourcecode.swift; path = TestUITests.swift; sourceTree = "<group>"; };
		DFC75DD52559522100729FF1 /* Info.plist */ = {isa = PBXFileReference; lastKnownFileType = text.plist.xml; path = Info.plist; sourceTree = "<group>"; };
/* End PBXFileReference section */

/* Begin PBXFrameworksBuildPhase section */
		DFC75DAB2559522000729FF1 /* Frameworks */ = {
			isa = PBXFrameworksBuildPhase;
			buildActionMask = 2147483647;
			files = (
				D4F5236694353CF45080F92C /* Pods_Test.framework in Frameworks */,
			);
			runOnlyForDeploymentPostprocessing = 0;
		};
		DFC75DC12559522100729FF1 /* Frameworks */ = {
			isa = PBXFrameworksBuildPhase;
			buildActionMask = 2147483647;
			files = (
			);
			runOnlyForDeploymentPostprocessing = 0;
		};
		DFC75DCC2559522100729FF1 /* Frameworks */ = {
			isa = PBXFrameworksBuildPhase;
			buildActionMask = 2147483647;
			files = (
			);
			runOnlyForDeploymentPostprocessing = 0;
		};
/* End PBXFrameworksBuildPhase section */

/* Begin PBXGroup section */
		33B4862E0877C22E7877E31C /* Pods */ = {
			isa = PBXGroup;
			children = (
				DD44DBB29BA89A081FF4D201 /* Pods-Test.debug.xcconfig */,
				D765E577391BEBC08F0422B0 /* Pods-Test.release.xcconfig */,
			);
			name = Pods;
			path = Pods;
			sourceTree = "<group>";
		};
		410ABB5EAC0E3636D0835741 /* Frameworks */ = {
			isa = PBXGroup;
			children = (
				A8F94548B191CE8F339EF389 /* Pods_Test.framework */,
			);
			name = Frameworks;
			sourceTree = "<group>";
		};
		DFC75DA52559522000729FF1 = {
			isa = PBXGroup;
			children = (
				DFC75DB02559522000729FF1 /* Test */,
				DFC75DC72559522100729FF1 /* TestTests */,
				DFC75DD22559522100729FF1 /* TestUITests */,
				DFC75DAF2559522000729FF1 /* Products */,
				33B4862E0877C22E7877E31C /* Pods */,
				410ABB5EAC0E3636D0835741 /* Frameworks */,
			);
			sourceTree = "<group>";
		};
		DFC75DAF2559522000729FF1 /* Products */ = {
			isa = PBXGroup;
			children = (
				DFC75DAE2559522000729FF1 /* Test.app */,
				DFC75DC42559522100729FF1 /* TestTests.xctest */,
				DFC75DCF2559522100729FF1 /* TestUITests.xctest */,
			);
			name = Products;
			sourceTree = "<group>";
		};
		DFC75DB02559522000729FF1 /* Test */ = {
			isa = PBXGroup;
			children = (
				DFC75DB12559522000729FF1 /* AppDelegate.swift */,
				DFC75DB32559522000729FF1 /* SceneDelegate.swift */,
				DFC75DB52559522000729FF1 /* ViewController.swift */,
				DFC75DB72559522000729FF1 /* Main.storyboard */,
				DFC75DBA2559522100729FF1 /* Assets.xcassets */,
				DFC75DBC2559522100729FF1 /* LaunchScreen.storyboard */,
				DFC75DBF2559522100729FF1 /* Info.plist */,
			);
			path = Test;
			sourceTree = "<group>";
		};
		DFC75DC72559522100729FF1 /* TestTests */ = {
			isa = PBXGroup;
			children = (
				DFC75DC82559522100729FF1 /* TestTests.swift */,
				DFC75DCA2559522100729FF1 /* Info.plist */,
			);
			path = TestTests;
			sourceTree = "<group>";
		};
		DFC75DD22559522100729FF1 /* TestUITests */ = {
			isa = PBXGroup;
			children = (
				DFC75DD32559522100729FF1 /* TestUITests.swift */,
				DFC75DD52559522100729FF1 /* Info.plist */,
			);
			path = TestUITests;
			sourceTree = "<group>";
		};
/* End PBXGroup section */

/* Begin PBXNativeTarget section */
		DFC75DAD2559522000729FF1 /* Test */ = {
			isa = PBXNativeTarget;
			buildConfigurationList = DFC75DD82559522100729FF1 /* Build configuration list for PBXNativeTarget "Test" */;
			buildPhases = (
				A194433ADD6D8D50D597FC6F /* [CP] Check Pods Manifest.lock */,
				1E763AE82FDC2F6ED13BFB5F /* [CP-User] Run Flutter Build flutter_module Script */,
				DFC75DAA2559522000729FF1 /* Sources */,
				DFC75DAB2559522000729FF1 /* Frameworks */,
				DFC75DAC2559522000729FF1 /* Resources */,
				364584A7BF10847F8B4E5384 /* [CP] Embed Pods Frameworks */,
			);
			buildRules = (
			);
			dependencies = (
			);
			name = Test;
			productName = Test;
			productReference = DFC75DAE2559522000729FF1 /* Test.app */;
			productType = "com.apple.product-type.application";
		};
		DFC75DC32559522100729FF1 /* TestTests */ = {
			isa = PBXNativeTarget;
			buildConfigurationList = DFC75DDB2559522100729FF1 /* Build configuration list for PBXNativeTarget "TestTests" */;
			buildPhases = (
				DFC75DC02559522100729FF1 /* Sources */,
				DFC75DC12559522100729FF1 /* Frameworks */,
				DFC75DC22559522100729FF1 /* Resources */,
			);
			buildRules = (
			);
			dependencies = (
				DFC75DC62559522100729FF1 /* PBXTargetDependency */,
			);
			name = TestTests;
			productName = TestTests;
			productReference = DFC75DC42559522100729FF1 /* TestTests.xctest */;
			productType = "com.apple.product-type.bundle.unit-test";
		};
		DFC75DCE2559522100729FF1 /* TestUITests */ = {
			isa = PBXNativeTarget;
			buildConfigurationList = DFC75DDE2559522100729FF1 /* Build configuration list for PBXNativeTarget "TestUITests" */;
			buildPhases = (
				DFC75DCB2559522100729FF1 /* Sources */,
				DFC75DCC2559522100729FF1 /* Frameworks */,
				DFC75DCD2559522100729FF1 /* Resources */,
			);
			buildRules = (
			);
			dependencies = (
				DFC75DD12559522100729FF1 /* PBXTargetDependency */,
			);
			name = TestUITests;
			productName = TestUITests;
			productReference = DFC75DCF2559522100729FF1 /* TestUITests.xctest */;
			productType = "com.apple.product-type.bundle.ui-testing";
		};
/* End PBXNativeTarget section */

/* Begin PBXProject section */
		DFC75DA62559522000729FF1 /* Project object */ = {
			isa = PBXProject;
			attributes = {
				LastSwiftUpdateCheck = 1200;
				LastUpgradeCheck = 1200;
				TargetAttributes = {
					DFC75DAD2559522000729FF1 = {
						CreatedOnToolsVersion = 12.0.1;
					};
					DFC75DC32559522100729FF1 = {
						CreatedOnToolsVersion = 12.0.1;
						TestTargetID = DFC75DAD2559522000729FF1;
					};
					DFC75DCE2559522100729FF1 = {
						CreatedOnToolsVersion = 12.0.1;
						TestTargetID = DFC75DAD2559522000729FF1;
					};
				};
			};
			buildConfigurationList = DFC75DA92559522000729FF1 /* Build configuration list for PBXProject "Test" */;
			compatibilityVersion = "Xcode 9.3";
			developmentRegion = en;
			hasScannedForEncodings = 0;
			knownRegions = (
				en,
				Base,
			);
			mainGroup = DFC75DA52559522000729FF1;
			productRefGroup = DFC75DAF2559522000729FF1 /* Products */;
			projectDirPath = "";
			projectRoot = "";
			targets = (
				DFC75DAD2559522000729FF1 /* Test */,
				DFC75DC32559522100729FF1 /* TestTests */,
				DFC75DCE2559522100729FF1 /* TestUITests */,
			);
		};
/* End PBXProject section */

/* Begin PBXResourcesBuildPhase section */
		DFC75DAC2559522000729FF1 /* Resources */ = {
			isa = PBXResourcesBuildPhase;
			buildActionMask = 2147483647;
			files = (
				DFC75DBE2559522100729FF1 /* LaunchScreen.storyboard in Resources */,
				DFC75DBB2559522100729FF1 /* Assets.xcassets in Resources */,
				DFC75DB92559522000729FF1 /* Main.storyboard in Resources */,
			);
			runOnlyForDeploymentPostprocessing = 0;
		};
		DFC75DC22559522100729FF1 /* Resources */ = {
			isa = PBXResourcesBuildPhase;
			buildActionMask = 2147483647;
			files = (
			);
			runOnlyForDeploymentPostprocessing = 0;
		};
		DFC75DCD2559522100729FF1 /* Resources */ = {
			isa = PBXResourcesBuildPhase;
			buildActionMask = 2147483647;
			files = (
			);
			runOnlyForDeploymentPostprocessing = 0;
		};
/* End PBXResourcesBuildPhase section */

/* Begin PBXShellScriptBuildPhase section */
		1E763AE82FDC2F6ED13BFB5F /* [CP-User] Run Flutter Build flutter_module Script */ = {
			isa = PBXShellScriptBuildPhase;
			buildActionMask = 2147483647;
			files = (
			);
			inputPaths = (
				"${SRCROOT}/../flutter_module/.metadata",
				"${SRCROOT}/../flutter_module/.ios/Flutter/App.framework/App",
				"${SRCROOT}/../flutter_module/.ios/Flutter/engine/Flutter.framework/Flutter",
				"${SRCROOT}/../flutter_module/.ios/Flutter/flutter_export_environment.sh",
			);
			name = "[CP-User] Run Flutter Build flutter_module Script";
			runOnlyForDeploymentPostprocessing = 0;
			shellPath = /bin/sh;
			shellScript = "set -e\nset -u\nsource \"${SRCROOT}/../flutter_module/.ios/Flutter/flutter_export_environment.sh\"\n\"$FLUTTER_ROOT\"/packages/flutter_tools/bin/xcode_backend.sh build";
		};
		364584A7BF10847F8B4E5384 /* [CP] Embed Pods Frameworks */ = {
			isa = PBXShellScriptBuildPhase;
			buildActionMask = 2147483647;
			files = (
			);
			inputFileListPaths = (
				"${PODS_ROOT}/Target Support Files/Pods-Test/Pods-Test-frameworks-${CONFIGURATION}-input-files.xcfilelist",
			);
			name = "[CP] Embed Pods Frameworks";
			outputFileListPaths = (
				"${PODS_ROOT}/Target Support Files/Pods-Test/Pods-Test-frameworks-${CONFIGURATION}-output-files.xcfilelist",
			);
			runOnlyForDeploymentPostprocessing = 0;
			shellPath = /bin/sh;
			shellScript = "\"${PODS_ROOT}/Target Support Files/Pods-Test/Pods-Test-frameworks.sh\"\n";
			showEnvVarsInLog = 0;
		};
		A194433ADD6D8D50D597FC6F /* [CP] Check Pods Manifest.lock */ = {
			isa = PBXShellScriptBuildPhase;
			buildActionMask = 2147483647;
			files = (
			);
			inputFileListPaths = (
			);
			inputPaths = (
				"${PODS_PODFILE_DIR_PATH}/Podfile.lock",
				"${PODS_ROOT}/Manifest.lock",
			);
			name = "[CP] Check Pods Manifest.lock";
			outputFileListPaths = (
			);
			outputPaths = (
				"$(DERIVED_FILE_DIR)/Pods-Test-checkManifestLockResult.txt",
			);
			runOnlyForDeploymentPostprocessing = 0;
			shellPath = /bin/sh;
			shellScript = "diff \"${PODS_PODFILE_DIR_PATH}/Podfile.lock\" \"${PODS_ROOT}/Manifest.lock\" > /dev/null\nif [ $? != 0 ] ; then\n    # print error to STDERR\n    echo \"error: The sandbox is not in sync with the Podfile.lock. Run 'pod install' or update your CocoaPods installation.\" >&2\n    exit 1\nfi\n# This output is used by Xcode 'outputs' to avoid re-running this script phase.\necho \"SUCCESS\" > \"${SCRIPT_OUTPUT_FILE_0}\"\n";
			showEnvVarsInLog = 0;
		};
/* End PBXShellScriptBuildPhase section */

/* Begin PBXSourcesBuildPhase section */
		DFC75DAA2559522000729FF1 /* Sources */ = {
			isa = PBXSourcesBuildPhase;
			buildActionMask = 2147483647;
			files = (
				DFC75DB62559522000729FF1 /* ViewController.swift in Sources */,
				DFC75DB22559522000729FF1 /* AppDelegate.swift in Sources */,
				DFC75DB42559522000729FF1 /* SceneDelegate.swift in Sources */,
			);
			runOnlyForDeploymentPostprocessing = 0;
		};
		DFC75DC02559522100729FF1 /* Sources */ = {
			isa = PBXSourcesBuildPhase;
			buildActionMask = 2147483647;
			files = (
				DFC75DC92559522100729FF1 /* TestTests.swift in Sources */,
			);
			runOnlyForDeploymentPostprocessing = 0;
		};
		DFC75DCB2559522100729FF1 /* Sources */ = {
			isa = PBXSourcesBuildPhase;
			buildActionMask = 2147483647;
			files = (
				DFC75DD42559522100729FF1 /* TestUITests.swift in Sources */,
			);
			runOnlyForDeploymentPostprocessing = 0;
		};
/* End PBXSourcesBuildPhase section */

/* Begin PBXTargetDependency section */
		DFC75DC62559522100729FF1 /* PBXTargetDependency */ = {
			isa = PBXTargetDependency;
			target = DFC75DAD2559522000729FF1 /* Test */;
			targetProxy = DFC75DC52559522100729FF1 /* PBXContainerItemProxy */;
		};
		DFC75DD12559522100729FF1 /* PBXTargetDependency */ = {
			isa = PBXTargetDependency;
			target = DFC75DAD2559522000729FF1 /* Test */;
			targetProxy = DFC75DD02559522100729FF1 /* PBXContainerItemProxy */;
		};
/* End PBXTargetDependency section */

/* Begin PBXVariantGroup section */
		DFC75DB72559522000729FF1 /* Main.storyboard */ = {
			isa = PBXVariantGroup;
			children = (
				DFC75DB82559522000729FF1 /* Base */,
			);
			name = Main.storyboard;
			sourceTree = "<group>";
		};
		DFC75DBC2559522100729FF1 /* LaunchScreen.storyboard */ = {
			isa = PBXVariantGroup;
			children = (
				DFC75DBD2559522100729FF1 /* Base */,
			);
			name = LaunchScreen.storyboard;
			sourceTree = "<group>";
		};
/* End PBXVariantGroup section */

/* Begin XCBuildConfiguration section */
		DFC75DD62559522100729FF1 /* Debug */ = {
			isa = XCBuildConfiguration;
			buildSettings = {
				ALWAYS_SEARCH_USER_PATHS = NO;
				CLANG_ANALYZER_NONNULL = YES;
				CLANG_ANALYZER_NUMBER_OBJECT_CONVERSION = YES_AGGRESSIVE;
				CLANG_CXX_LANGUAGE_STANDARD = "gnu++14";
				CLANG_CXX_LIBRARY = "libc++";
				CLANG_ENABLE_MODULES = YES;
				CLANG_ENABLE_OBJC_ARC = YES;
				CLANG_ENABLE_OBJC_WEAK = YES;
				CLANG_WARN_BLOCK_CAPTURE_AUTORELEASING = YES;
				CLANG_WARN_BOOL_CONVERSION = YES;
				CLANG_WARN_COMMA = YES;
				CLANG_WARN_CONSTANT_CONVERSION = YES;
				CLANG_WARN_DEPRECATED_OBJC_IMPLEMENTATIONS = YES;
				CLANG_WARN_DIRECT_OBJC_ISA_USAGE = YES_ERROR;
				CLANG_WARN_DOCUMENTATION_COMMENTS = YES;
				CLANG_WARN_EMPTY_BODY = YES;
				CLANG_WARN_ENUM_CONVERSION = YES;
				CLANG_WARN_INFINITE_RECURSION = YES;
				CLANG_WARN_INT_CONVERSION = YES;
				CLANG_WARN_NON_LITERAL_NULL_CONVERSION = YES;
				CLANG_WARN_OBJC_IMPLICIT_RETAIN_SELF = YES;
				CLANG_WARN_OBJC_LITERAL_CONVERSION = YES;
				CLANG_WARN_OBJC_ROOT_CLASS = YES_ERROR;
				CLANG_WARN_QUOTED_INCLUDE_IN_FRAMEWORK_HEADER = YES;
				CLANG_WARN_RANGE_LOOP_ANALYSIS = YES;
				CLANG_WARN_STRICT_PROTOTYPES = YES;
				CLANG_WARN_SUSPICIOUS_MOVE = YES;
				CLANG_WARN_UNGUARDED_AVAILABILITY = YES_AGGRESSIVE;
				CLANG_WARN_UNREACHABLE_CODE = YES;
				CLANG_WARN__DUPLICATE_METHOD_MATCH = YES;
				COPY_PHASE_STRIP = NO;
				DEBUG_INFORMATION_FORMAT = dwarf;
				ENABLE_STRICT_OBJC_MSGSEND = YES;
				ENABLE_TESTABILITY = YES;
				GCC_C_LANGUAGE_STANDARD = gnu11;
				GCC_DYNAMIC_NO_PIC = NO;
				GCC_NO_COMMON_BLOCKS = YES;
				GCC_OPTIMIZATION_LEVEL = 0;
				GCC_PREPROCESSOR_DEFINITIONS = (
					"DEBUG=1",
					"$(inherited)",
				);
				GCC_WARN_64_TO_32_BIT_CONVERSION = YES;
				GCC_WARN_ABOUT_RETURN_TYPE = YES_ERROR;
				GCC_WARN_UNDECLARED_SELECTOR = YES;
				GCC_WARN_UNINITIALIZED_AUTOS = YES_AGGRESSIVE;
				GCC_WARN_UNUSED_FUNCTION = YES;
				GCC_WARN_UNUSED_VARIABLE = YES;
				IPHONEOS_DEPLOYMENT_TARGET = 14.0;
				MTL_ENABLE_DEBUG_INFO = INCLUDE_SOURCE;
				MTL_FAST_MATH = YES;
				ONLY_ACTIVE_ARCH = YES;
				SDKROOT = iphoneos;
				SWIFT_ACTIVE_COMPILATION_CONDITIONS = DEBUG;
				SWIFT_OPTIMIZATION_LEVEL = "-Onone";
			};
			name = Debug;
		};
		DFC75DD72559522100729FF1 /* Release */ = {
			isa = XCBuildConfiguration;
			buildSettings = {
				ALWAYS_SEARCH_USER_PATHS = NO;
				CLANG_ANALYZER_NONNULL = YES;
				CLANG_ANALYZER_NUMBER_OBJECT_CONVERSION = YES_AGGRESSIVE;
				CLANG_CXX_LANGUAGE_STANDARD = "gnu++14";
				CLANG_CXX_LIBRARY = "libc++";
				CLANG_ENABLE_MODULES = YES;
				CLANG_ENABLE_OBJC_ARC = YES;
				CLANG_ENABLE_OBJC_WEAK = YES;
				CLANG_WARN_BLOCK_CAPTURE_AUTORELEASING = YES;
				CLANG_WARN_BOOL_CONVERSION = YES;
				CLANG_WARN_COMMA = YES;
				CLANG_WARN_CONSTANT_CONVERSION = YES;
				CLANG_WARN_DEPRECATED_OBJC_IMPLEMENTATIONS = YES;
				CLANG_WARN_DIRECT_OBJC_ISA_USAGE = YES_ERROR;
				CLANG_WARN_DOCUMENTATION_COMMENTS = YES;
				CLANG_WARN_EMPTY_BODY = YES;
				CLANG_WARN_ENUM_CONVERSION = YES;
				CLANG_WARN_INFINITE_RECURSION = YES;
				CLANG_WARN_INT_CONVERSION = YES;
				CLANG_WARN_NON_LITERAL_NULL_CONVERSION = YES;
				CLANG_WARN_OBJC_IMPLICIT_RETAIN_SELF = YES;
				CLANG_WARN_OBJC_LITERAL_CONVERSION = YES;
				CLANG_WARN_OBJC_ROOT_CLASS = YES_ERROR;
				CLANG_WARN_QUOTED_INCLUDE_IN_FRAMEWORK_HEADER = YES;
				CLANG_WARN_RANGE_LOOP_ANALYSIS = YES;
				CLANG_WARN_STRICT_PROTOTYPES = YES;
				CLANG_WARN_SUSPICIOUS_MOVE = YES;
				CLANG_WARN_UNGUARDED_AVAILABILITY = YES_AGGRESSIVE;
				CLANG_WARN_UNREACHABLE_CODE = YES;
				CLANG_WARN__DUPLICATE_METHOD_MATCH = YES;
				COPY_PHASE_STRIP = NO;
				DEBUG_INFORMATION_FORMAT = "dwarf-with-dsym";
				ENABLE_NS_ASSERTIONS = NO;
				ENABLE_STRICT_OBJC_MSGSEND = YES;
				GCC_C_LANGUAGE_STANDARD = gnu11;
				GCC_NO_COMMON_BLOCKS = YES;
				GCC_WARN_64_TO_32_BIT_CONVERSION = YES;
				GCC_WARN_ABOUT_RETURN_TYPE = YES_ERROR;
				GCC_WARN_UNDECLARED_SELECTOR = YES;
				GCC_WARN_UNINITIALIZED_AUTOS = YES_AGGRESSIVE;
				GCC_WARN_UNUSED_FUNCTION = YES;
				GCC_WARN_UNUSED_VARIABLE = YES;
				IPHONEOS_DEPLOYMENT_TARGET = 14.0;
				MTL_ENABLE_DEBUG_INFO = NO;
				MTL_FAST_MATH = YES;
				SDKROOT = iphoneos;
				SWIFT_COMPILATION_MODE = wholemodule;
				SWIFT_OPTIMIZATION_LEVEL = "-O";
				VALIDATE_PRODUCT = YES;
			};
			name = Release;
		};
		DFC75DD92559522100729FF1 /* Debug */ = {
			isa = XCBuildConfiguration;
			baseConfigurationReference = DD44DBB29BA89A081FF4D201 /* Pods-Test.debug.xcconfig */;
			buildSettings = {
				ASSETCATALOG_COMPILER_APPICON_NAME = AppIcon;
				ASSETCATALOG_COMPILER_GLOBAL_ACCENT_COLOR_NAME = AccentColor;
				CODE_SIGN_STYLE = Automatic;
				DEVELOPMENT_TEAM = 883YY8GPM9;
				INFOPLIST_FILE = Test/Info.plist;
				IPHONEOS_DEPLOYMENT_TARGET = 13.0;
				LD_RUNPATH_SEARCH_PATHS = (
					"$(inherited)",
					"@executable_path/Frameworks",
				);
				PRODUCT_BUNDLE_IDENTIFIER = com.zmfflying.Test;
				PRODUCT_NAME = "$(TARGET_NAME)";
				SWIFT_VERSION = 5.0;
				TARGETED_DEVICE_FAMILY = "1,2";
			};
			name = Debug;
		};
		DFC75DDA2559522100729FF1 /* Release */ = {
			isa = XCBuildConfiguration;
			baseConfigurationReference = D765E577391BEBC08F0422B0 /* Pods-Test.release.xcconfig */;
			buildSettings = {
				ASSETCATALOG_COMPILER_APPICON_NAME = AppIcon;
				ASSETCATALOG_COMPILER_GLOBAL_ACCENT_COLOR_NAME = AccentColor;
				CODE_SIGN_STYLE = Automatic;
				DEVELOPMENT_TEAM = 883YY8GPM9;
				INFOPLIST_FILE = Test/Info.plist;
				IPHONEOS_DEPLOYMENT_TARGET = 13.0;
				LD_RUNPATH_SEARCH_PATHS = (
					"$(inherited)",
					"@executable_path/Frameworks",
				);
				PRODUCT_BUNDLE_IDENTIFIER = com.zmfflying.Test;
				PRODUCT_NAME = "$(TARGET_NAME)";
				SWIFT_VERSION = 5.0;
				TARGETED_DEVICE_FAMILY = "1,2";
			};
			name = Release;
		};
		DFC75DDC2559522100729FF1 /* Debug */ = {
			isa = XCBuildConfiguration;
			buildSettings = {
				ALWAYS_EMBED_SWIFT_STANDARD_LIBRARIES = YES;
				BUNDLE_LOADER = "$(TEST_HOST)";
				CODE_SIGN_STYLE = Automatic;
				INFOPLIST_FILE = TestTests/Info.plist;
				IPHONEOS_DEPLOYMENT_TARGET = 14.0;
				LD_RUNPATH_SEARCH_PATHS = (
					"$(inherited)",
					"@executable_path/Frameworks",
					"@loader_path/Frameworks",
				);
				PRODUCT_BUNDLE_IDENTIFIER = com.zmfflying.TestTests;
				PRODUCT_NAME = "$(TARGET_NAME)";
				SWIFT_VERSION = 5.0;
				TARGETED_DEVICE_FAMILY = "1,2";
				TEST_HOST = "$(BUILT_PRODUCTS_DIR)/Test.app/Test";
			};
			name = Debug;
		};
		DFC75DDD2559522100729FF1 /* Release */ = {
			isa = XCBuildConfiguration;
			buildSettings = {
				ALWAYS_EMBED_SWIFT_STANDARD_LIBRARIES = YES;
				BUNDLE_LOADER = "$(TEST_HOST)";
				CODE_SIGN_STYLE = Automatic;
				INFOPLIST_FILE = TestTests/Info.plist;
				IPHONEOS_DEPLOYMENT_TARGET = 14.0;
				LD_RUNPATH_SEARCH_PATHS = (
					"$(inherited)",
					"@executable_path/Frameworks",
					"@loader_path/Frameworks",
				);
				PRODUCT_BUNDLE_IDENTIFIER = com.zmfflying.TestTests;
				PRODUCT_NAME = "$(TARGET_NAME)";
				SWIFT_VERSION = 5.0;
				TARGETED_DEVICE_FAMILY = "1,2";
				TEST_HOST = "$(BUILT_PRODUCTS_DIR)/Test.app/Test";
			};
			name = Release;
		};
		DFC75DDF2559522100729FF1 /* Debug */ = {
			isa = XCBuildConfiguration;
			buildSettings = {
				ALWAYS_EMBED_SWIFT_STANDARD_LIBRARIES = YES;
				CODE_SIGN_STYLE = Automatic;
				INFOPLIST_FILE = TestUITests/Info.plist;
				LD_RUNPATH_SEARCH_PATHS = (
					"$(inherited)",
					"@executable_path/Frameworks",
					"@loader_path/Frameworks",
				);
				PRODUCT_BUNDLE_IDENTIFIER = com.zmfflying.TestUITests;
				PRODUCT_NAME = "$(TARGET_NAME)";
				SWIFT_VERSION = 5.0;
				TARGETED_DEVICE_FAMILY = "1,2";
				TEST_TARGET_NAME = Test;
			};
			name = Debug;
		};
		DFC75DE02559522100729FF1 /* Release */ = {
			isa = XCBuildConfiguration;
			buildSettings = {
				ALWAYS_EMBED_SWIFT_STANDARD_LIBRARIES = YES;
				CODE_SIGN_STYLE = Automatic;
				INFOPLIST_FILE = TestUITests/Info.plist;
				LD_RUNPATH_SEARCH_PATHS = (
					"$(inherited)",
					"@executable_path/Frameworks",
					"@loader_path/Frameworks",
				);
				PRODUCT_BUNDLE_IDENTIFIER = com.zmfflying.TestUITests;
				PRODUCT_NAME = "$(TARGET_NAME)";
				SWIFT_VERSION = 5.0;
				TARGETED_DEVICE_FAMILY = "1,2";
				TEST_TARGET_NAME = Test;
			};
			name = Release;
		};
/* End XCBuildConfiguration section */

/* Begin XCConfigurationList section */
		DFC75DA92559522000729FF1 /* Build configuration list for PBXProject "Test" */ = {
			isa = XCConfigurationList;
			buildConfigurations = (
				DFC75DD62559522100729FF1 /* Debug */,
				DFC75DD72559522100729FF1 /* Release */,
			);
			defaultConfigurationIsVisible = 0;
			defaultConfigurationName = Release;
		};
		DFC75DD82559522100729FF1 /* Build configuration list for PBXNativeTarget "Test" */ = {
			isa = XCConfigurationList;
			buildConfigurations = (
				DFC75DD92559522100729FF1 /* Debug */,
				DFC75DDA2559522100729FF1 /* Release */,
			);
			defaultConfigurationIsVisible = 0;
			defaultConfigurationName = Release;
		};
		DFC75DDB2559522100729FF1 /* Build configuration list for PBXNativeTarget "TestTests" */ = {
			isa = XCConfigurationList;
			buildConfigurations = (
				DFC75DDC2559522100729FF1 /* Debug */,
				DFC75DDD2559522100729FF1 /* Release */,
			);
			defaultConfigurationIsVisible = 0;
			defaultConfigurationName = Release;
		};
		DFC75DDE2559522100729FF1 /* Build configuration list for PBXNativeTarget "TestUITests" */ = {
			isa = XCConfigurationList;
			buildConfigurations = (
				DFC75DDF2559522100729FF1 /* Debug */,
				DFC75DE02559522100729FF1 /* Release */,
			);
			defaultConfigurationIsVisible = 0;
			defaultConfigurationName = Release;
		};
/* End XCConfigurationList section */
	};
	rootObject = DFC75DA62559522000729FF1 /* Project object */;
}
